
Microsoft Visual Studio Solution File, Format Version 12.00
# Visual Studio 14
VisualStudioVersion = 14.0.23107.0
MinimumVisualStudioVersion = 10.0.40219.1
Project("{FAE04EC0-301F-11D3-BF4B-00C04F79EFBC}") = "Watchduino", "Watchduino\Watchduino\Watchduino.csproj", "{A0243048-70CF-4490-BC0F-FE62BEEB337F}"
EndProject
Project("{FAE04EC0-301F-11D3-BF4B-00C04F79EFBC}") = "Watchduino.iOS", "Watchduino\Watchduino.iOS\Watchduino.iOS.csproj", "{8287D169-4322-42EE-B0FE-1E8100907B1B}"
EndProject
Project("{FAE04EC0-301F-11D3-BF4B-00C04F79EFBC}") = "Watchduino.Droid", "Watchduino\Watchduino.Droid\Watchduino.Droid.csproj", "{3BEC6757-F9B3-4AC8-9A8D-9E9E2A892455}"
EndProject
Project("{FAE04EC0-301F-11D3-BF4B-00C04F79EFBC}") = "Watchduino.WinPhone", "Watchduino\Watchduino.WinPhone\Watchduino.WinPhone.csproj", "{EC784E6F-5602-4236-8DD7-6B73D38E6E04}"
EndProject
Global
	GlobalSection(SolutionConfigurationPlatforms) = preSolution
		Ad-Hoc|Any CPU = Ad-Hoc|Any CPU
		Ad-Hoc|ARM = Ad-Hoc|ARM
		Ad-Hoc|iPhone = Ad-Hoc|iPhone
		Ad-Hoc|iPhoneSimulator = Ad-Hoc|iPhoneSimulator
		Ad-Hoc|x86 = Ad-Hoc|x86
		AppStore|Any CPU = AppStore|Any CPU
		AppStore|ARM = AppStore|ARM
		AppStore|iPhone = AppStore|iPhone
		AppStore|iPhoneSimulator = AppStore|iPhoneSimulator
		AppStore|x86 = AppStore|x86
		Debug|Any CPU = Debug|Any CPU
		Debug|ARM = Debug|ARM
		Debug|iPhone = Debug|iPhone
		Debug|iPhoneSimulator = Debug|iPhoneSimulator
		Debug|x86 = Debug|x86
		Release|Any CPU = Release|Any CPU
		Release|ARM = Release|ARM
		Release|iPhone = Release|iPhone
		Release|iPhoneSimulator = Release|iPhoneSimulator
		Release|x86 = Release|x86
	EndGlobalSection
	GlobalSection(ProjectConfigurationPlatforms) = postSolution
		{A0243048-70CF-4490-BC0F-FE62BEEB337F}.Ad-Hoc|Any CPU.ActiveCfg = Release|Any CPU
		{A0243048-70CF-4490-BC0F-FE62BEEB337F}.Ad-Hoc|Any CPU.Build.0 = Release|Any CPU
		{A0243048-70CF-4490-BC0F-FE62BEEB337F}.Ad-Hoc|ARM.ActiveCfg = Release|Any CPU
		{A0243048-70CF-4490-BC0F-FE62BEEB337F}.Ad-Hoc|ARM.Build.0 = Release|Any CPU
		{A0243048-70CF-4490-BC0F-FE62BEEB337F}.Ad-Hoc|iPhone.ActiveCfg = Release|Any CPU
		{A0243048-70CF-4490-BC0F-FE62BEEB337F}.Ad-Hoc|iPhone.Build.0 = Release|Any CPU
		{A0243048-70CF-4490-BC0F-FE62BEEB337F}.Ad-Hoc|iPhoneSimulator.ActiveCfg = Release|Any CPU
		{A0243048-70CF-4490-BC0F-FE62BEEB337F}.Ad-Hoc|iPhoneSimulator.Build.0 = Release|Any CPU
		{A0243048-70CF-4490-BC0F-FE62BEEB337F}.Ad-Hoc|x86.ActiveCfg = Release|Any CPU
		{A0243048-70CF-4490-BC0F-FE62BEEB337F}.Ad-Hoc|x86.Build.0 = Release|Any CPU
		{A0243048-70CF-4490-BC0F-FE62BEEB337F}.AppStore|Any CPU.ActiveCfg = Release|Any CPU
		{A0243048-70CF-4490-BC0F-FE62BEEB337F}.AppStore|Any CPU.Build.0 = Release|Any CPU
		{A0243048-70CF-4490-BC0F-FE62BEEB337F}.AppStore|ARM.ActiveCfg = Release|Any CPU
		{A0243048-70CF-4490-BC0F-FE62BEEB337F}.AppStore|ARM.Build.0 = Release|Any CPU
		{A0243048-70CF-4490-BC0F-FE62BEEB337F}.AppStore|iPhone.ActiveCfg = Release|Any CPU
		{A0243048-70CF-4490-BC0F-FE62BEEB337F}.AppStore|iPhone.Build.0 = Release|Any CPU
		{A0243048-70CF-4490-BC0F-FE62BEEB337F}.AppStore|iPhoneSimulator.ActiveCfg = Release|Any CPU
		{A0243048-70CF-4490-BC0F-FE62BEEB337F}.AppStore|iPhoneSimulator.Build.0 = Release|Any CPU
		{A0243048-70CF-4490-BC0F-FE62BEEB337F}.AppStore|x86.ActiveCfg = Release|Any CPU
		{A0243048-70CF-4490-BC0F-FE62BEEB337F}.AppStore|x86.Build.0 = Release|Any CPU
		{A0243048-70CF-4490-BC0F-FE62BEEB337F}.Debug|Any CPU.ActiveCfg = Debug|Any CPU
		{A0243048-70CF-4490-BC0F-FE62BEEB337F}.Debug|Any CPU.Build.0 = Debug|Any CPU
		{A0243048-70CF-4490-BC0F-FE62BEEB337F}.Debug|ARM.ActiveCfg = Debug|Any CPU
		{A0243048-70CF-4490-BC0F-FE62BEEB337F}.Debug|ARM.Build.0 = Debug|Any CPU
		{A0243048-70CF-4490-BC0F-FE62BEEB337F}.Debug|iPhone.ActiveCfg = Debug|Any CPU
		{A0243048-70CF-4490-BC0F-FE62BEEB337F}.Debug|iPhone.Build.0 = Debug|Any CPU
		{A0243048-70CF-4490-BC0F-FE62BEEB337F}.Debug|iPhoneSimulator.ActiveCfg = Debug|Any CPU
		{A0243048-70CF-4490-BC0F-FE62BEEB337F}.Debug|iPhoneSimulator.Build.0 = Debug|Any CPU
		{A0243048-70CF-4490-BC0F-FE62BEEB337F}.Debug|x86.ActiveCfg = Debug|Any CPU
		{A0243048-70CF-4490-BC0F-FE62BEEB337F}.Debug|x86.Build.0 = Debug|Any CPU
		{A0243048-70CF-4490-BC0F-FE62BEEB337F}.Release|Any CPU.ActiveCfg = Release|Any CPU
		{A0243048-70CF-4490-BC0F-FE62BEEB337F}.Release|Any CPU.Build.0 = Release|Any CPU
		{A0243048-70CF-4490-BC0F-FE62BEEB337F}.Release|ARM.ActiveCfg = Release|Any CPU
		{A0243048-70CF-4490-BC0F-FE62BEEB337F}.Release|ARM.Build.0 = Release|Any CPU
		{A0243048-70CF-4490-BC0F-FE62BEEB337F}.Release|iPhone.ActiveCfg = Release|Any CPU
		{A0243048-70CF-4490-BC0F-FE62BEEB337F}.Release|iPhone.Build.0 = Release|Any CPU
		{A0243048-70CF-4490-BC0F-FE62BEEB337F}.Release|iPhoneSimulator.ActiveCfg = Release|Any CPU
		{A0243048-70CF-4490-BC0F-FE62BEEB337F}.Release|iPhoneSimulator.Build.0 = Release|Any CPU
		{A0243048-70CF-4490-BC0F-FE62BEEB337F}.Release|x86.ActiveCfg = Release|Any CPU
		{A0243048-70CF-4490-BC0F-FE62BEEB337F}.Release|x86.Build.0 = Release|Any CPU
		{8287D169-4322-42EE-B0FE-1E8100907B1B}.Ad-Hoc|Any CPU.ActiveCfg = Ad-Hoc|iPhone
		{8287D169-4322-42EE-B0FE-1E8100907B1B}.Ad-Hoc|ARM.ActiveCfg = Ad-Hoc|iPhone
		{8287D169-4322-42EE-B0FE-1E8100907B1B}.Ad-Hoc|iPhone.ActiveCfg = Ad-Hoc|iPhone
		{8287D169-4322-42EE-B0FE-1E8100907B1B}.Ad-Hoc|iPhone.Build.0 = Ad-Hoc|iPhone
		{8287D169-4322-42EE-B0FE-1E8100907B1B}.Ad-Hoc|iPhoneSimulator.ActiveCfg = Ad-Hoc|iPhoneSimulator
		{8287D169-4322-42EE-B0FE-1E8100907B1B}.Ad-Hoc|iPhoneSimulator.Build.0 = Ad-Hoc|iPhoneSimulator
		{8287D169-4322-42EE-B0FE-1E8100907B1B}.Ad-Hoc|x86.ActiveCfg = Ad-Hoc|iPhone
		{8287D169-4322-42EE-B0FE-1E8100907B1B}.AppStore|Any CPU.ActiveCfg = AppStore|iPhone
		{8287D169-4322-42EE-B0FE-1E8100907B1B}.AppStore|ARM.ActiveCfg = AppStore|iPhone
		{8287D169-4322-42EE-B0FE-1E8100907B1B}.AppStore|iPhone.ActiveCfg = AppStore|iPhone
		{8287D169-4322-42EE-B0FE-1E8100907B1B}.AppStore|iPhone.Build.0 = AppStore|iPhone
		{8287D169-4322-42EE-B0FE-1E8100907B1B}.AppStore|iPhoneSimulator.ActiveCfg = AppStore|iPhoneSimulator
		{8287D169-4322-42EE-B0FE-1E8100907B1B}.AppStore|iPhoneSimulator.Build.0 = AppStore|iPhoneSimulator
		{8287D169-4322-42EE-B0FE-1E8100907B1B}.AppStore|x86.ActiveCfg = AppStore|iPhone
		{8287D169-4322-42EE-B0FE-1E8100907B1B}.Debug|Any CPU.ActiveCfg = Debug|iPhone
		{8287D169-4322-42EE-B0FE-1E8100907B1B}.Debug|ARM.ActiveCfg = Debug|iPhone
		{8287D169-4322-42EE-B0FE-1E8100907B1B}.Debug|iPhone.ActiveCfg = Debug|iPhone
		{8287D169-4322-42EE-B0FE-1E8100907B1B}.Debug|iPhone.Build.0 = Debug|iPhone
		{8287D169-4322-42EE-B0FE-1E8100907B1B}.Debug|iPhoneSimulator.ActiveCfg = Debug|iPhoneSimulator
		{8287D169-4322-42EE-B0FE-1E8100907B1B}.Debug|iPhoneSimulator.Build.0 = Debug|iPhoneSimulator
		{8287D169-4322-42EE-B0FE-1E8100907B1B}.Debug|x86.ActiveCfg = Debug|iPhone
		{8287D169-4322-42EE-B0FE-1E8100907B1B}.Release|Any CPU.ActiveCfg = Release|iPhone
		{8287D169-4322-42EE-B0FE-1E8100907B1B}.Release|ARM.ActiveCfg = Release|iPhone
		{8287D169-4322-42EE-B0FE-1E8100907B1B}.Release|iPhone.ActiveCfg = Release|iPhone
		{8287D169-4322-42EE-B0FE-1E8100907B1B}.Release|iPhone.Build.0 = Release|iPhone
		{8287D169-4322-42EE-B0FE-1E8100907B1B}.Release|iPhoneSimulator.ActiveCfg = Release|iPhoneSimulator
		{8287D169-4322-42EE-B0FE-1E8100907B1B}.Release|iPhoneSimulator.Build.0 = Release|iPhoneSimulator
		{8287D169-4322-42EE-B0FE-1E8100907B1B}.Release|x86.ActiveCfg = Release|iPhone
		{3BEC6757-F9B3-4AC8-9A8D-9E9E2A892455}.Ad-Hoc|Any CPU.ActiveCfg = Release|Any CPU
		{3BEC6757-F9B3-4AC8-9A8D-9E9E2A892455}.Ad-Hoc|Any CPU.Build.0 = Release|Any CPU
		{3BEC6757-F9B3-4AC8-9A8D-9E9E2A892455}.Ad-Hoc|Any CPU.Deploy.0 = Release|Any CPU
		{3BEC6757-F9B3-4AC8-9A8D-9E9E2A892455}.Ad-Hoc|ARM.ActiveCfg = Release|Any CPU
		{3BEC6757-F9B3-4AC8-9A8D-9E9E2A892455}.Ad-Hoc|ARM.Build.0 = Release|Any CPU
		{3BEC6757-F9B3-4AC8-9A8D-9E9E2A892455}.Ad-Hoc|ARM.Deploy.0 = Release|Any CPU
		{3BEC6757-F9B3-4AC8-9A8D-9E9E2A892455}.Ad-Hoc|iPhone.ActiveCfg = Release|Any CPU
		{3BEC6757-F9B3-4AC8-9A8D-9E9E2A892455}.Ad-Hoc|iPhone.Build.0 = Release|Any CPU
		{3BEC6757-F9B3-4AC8-9A8D-9E9E2A892455}.Ad-Hoc|iPhone.Deploy.0 = Release|Any CPU
		{3BEC6757-F9B3-4AC8-9A8D-9E9E2A892455}.Ad-Hoc|iPhoneSimulator.ActiveCfg = Release|Any CPU
		{3BEC6757-F9B3-4AC8-9A8D-9E9E2A892455}.Ad-Hoc|iPhoneSimulator.Build.0 = Release|Any CPU
		{3BEC6757-F9B3-4AC8-9A8D-9E9E2A892455}.Ad-Hoc|iPhoneSimulator.Deploy.0 = Release|Any CPU
		{3BEC6757-F9B3-4AC8-9A8D-9E9E2A892455}.Ad-Hoc|x86.ActiveCfg = Release|Any CPU
		{3BEC6757-F9B3-4AC8-9A8D-9E9E2A892455}.Ad-Hoc|x86.Build.0 = Release|Any CPU
		{3BEC6757-F9B3-4AC8-9A8D-9E9E2A892455}.Ad-Hoc|x86.Deploy.0 = Release|Any CPU
		{3BEC6757-F9B3-4AC8-9A8D-9E9E2A892455}.AppStore|Any CPU.ActiveCfg = Release|Any CPU
		{3BEC6757-F9B3-4AC8-9A8D-9E9E2A892455}.AppStore|Any CPU.Build.0 = Release|Any CPU
		{3BEC6757-F9B3-4AC8-9A8D-9E9E2A892455}.AppStore|Any CPU.Deploy.0 = Release|Any CPU
		{3BEC6757-F9B3-4AC8-9A8D-9E9E2A892455}.AppStore|ARM.ActiveCfg = Release|Any CPU
		{3BEC6757-F9B3-4AC8-9A8D-9E9E2A892455}.AppStore|ARM.Build.0 = Release|Any CPU
		{3BEC6757-F9B3-4AC8-9A8D-9E9E2A892455}.AppStore|ARM.Deploy.0 = Release|Any CPU
		{3BEC6757-F9B3-4AC8-9A8D-9E9E2A892455}.AppStore|iPhone.ActiveCfg = Release|Any CPU
		{3BEC6757-F9B3-4AC8-9A8D-9E9E2A892455}.AppStore|iPhone.Build.0 = Release|Any CPU
		{3BEC6757-F9B3-4AC8-9A8D-9E9E2A892455}.AppStore|iPhone.Deploy.0 = Release|Any CPU
		{3BEC6757-F9B3-4AC8-9A8D-9E9E2A892455}.AppStore|iPhoneSimulator.ActiveCfg = Release|Any CPU
		{3BEC6757-F9B3-4AC8-9A8D-9E9E2A892455}.AppStore|iPhoneSimulator.Build.0 = Release|Any CPU
		{3BEC6757-F9B3-4AC8-9A8D-9E9E2A892455}.AppStore|iPhoneSimulator.Deploy.0 = Release|Any CPU
		{3BEC6757-F9B3-4AC8-9A8D-9E9E2A892455}.AppStore|x86.ActiveCfg = Release|Any CPU
		{3BEC6757-F9B3-4AC8-9A8D-9E9E2A892455}.AppStore|x86.Build.0 = Release|Any CPU
		{3BEC6757-F9B3-4AC8-9A8D-9E9E2A892455}.AppStore|x86.Deploy.0 = Release|Any CPU
		{3BEC6757-F9B3-4AC8-9A8D-9E9E2A892455}.Debug|Any CPU.ActiveCfg = Debug|Any CPU
		{3BEC6757-F9B3-4AC8-9A8D-9E9E2A892455}.Debug|Any CPU.Build.0 = Debug|Any CPU
		{3BEC6757-F9B3-4AC8-9A8D-9E9E2A892455}.Debug|Any CPU.Deploy.0 = Debug|Any CPU
		{3BEC6757-F9B3-4AC8-9A8D-9E9E2A892455}.Debug|ARM.ActiveCfg = Debug|Any CPU
		{3BEC6757-F9B3-4AC8-9A8D-9E9E2A892455}.Debug|ARM.Build.0 = Debug|Any CPU
		{3BEC6757-F9B3-4AC8-9A8D-9E9E2A892455}.Debug|ARM.Deploy.0 = Debug|Any CPU
		{3BEC6757-F9B3-4AC8-9A8D-9E9E2A892455}.Debug|iPhone.ActiveCfg = Debug|Any CPU
		{3BEC6757-F9B3-4AC8-9A8D-9E9E2A892455}.Debug|iPhone.Build.0 = Debug|Any CPU
		{3BEC6757-F9B3-4AC8-9A8D-9E9E2A892455}.Debug|iPhone.Deploy.0 = Debug|Any CPU
		{3BEC6757-F9B3-4AC8-9A8D-9E9E2A892455}.Debug|iPhoneSimulator.ActiveCfg = Debug|Any CPU
		{3BEC6757-F9B3-4AC8-9A8D-9E9E2A892455}.Debug|iPhoneSimulator.Build.0 = Debug|Any CPU
		{3BEC6757-F9B3-4AC8-9A8D-9E9E2A892455}.Debug|iPhoneSimulator.Deploy.0 = Debug|Any CPU
		{3BEC6757-F9B3-4AC8-9A8D-9E9E2A892455}.Debug|x86.ActiveCfg = Debug|Any CPU
		{3BEC6757-F9B3-4AC8-9A8D-9E9E2A892455}.Debug|x86.Build.0 = Debug|Any CPU
		{3BEC6757-F9B3-4AC8-9A8D-9E9E2A892455}.Debug|x86.Deploy.0 = Debug|Any CPU
		{3BEC6757-F9B3-4AC8-9A8D-9E9E2A892455}.Release|Any CPU.ActiveCfg = Release|Any CPU
		{3BEC6757-F9B3-4AC8-9A8D-9E9E2A892455}.Release|Any CPU.Build.0 = Release|Any CPU
		{3BEC6757-F9B3-4AC8-9A8D-9E9E2A892455}.Release|Any CPU.Deploy.0 = Release|Any CPU
		{3BEC6757-F9B3-4AC8-9A8D-9E9E2A892455}.Release|ARM.ActiveCfg = Release|Any CPU
		{3BEC6757-F9B3-4AC8-9A8D-9E9E2A892455}.Release|ARM.Build.0 = Release|Any CPU
		{3BEC6757-F9B3-4AC8-9A8D-9E9E2A892455}.Release|ARM.Deploy.0 = Release|Any CPU
		{3BEC6757-F9B3-4AC8-9A8D-9E9E2A892455}.Release|iPhone.ActiveCfg = Release|Any CPU
		{3BEC6757-F9B3-4AC8-9A8D-9E9E2A892455}.Release|iPhone.Build.0 = Release|Any CPU
		{3BEC6757-F9B3-4AC8-9A8D-9E9E2A892455}.Release|iPhone.Deploy.0 = Release|Any CPU
		{3BEC6757-F9B3-4AC8-9A8D-9E9E2A892455}.Release|iPhoneSimulator.ActiveCfg = Release|Any CPU
		{3BEC6757-F9B3-4AC8-9A8D-9E9E2A892455}.Release|iPhoneSimulator.Build.0 = Release|Any CPU
		{3BEC6757-F9B3-4AC8-9A8D-9E9E2A892455}.Release|iPhoneSimulator.Deploy.0 = Release|Any CPU
		{3BEC6757-F9B3-4AC8-9A8D-9E9E2A892455}.Release|x86.ActiveCfg = Release|Any CPU
		{3BEC6757-F9B3-4AC8-9A8D-9E9E2A892455}.Release|x86.Build.0 = Release|Any CPU
		{3BEC6757-F9B3-4AC8-9A8D-9E9E2A892455}.Release|x86.Deploy.0 = Release|Any CPU
		{EC784E6F-5602-4236-8DD7-6B73D38E6E04}.Ad-Hoc|Any CPU.ActiveCfg = Release|Any CPU
		{EC784E6F-5602-4236-8DD7-6B73D38E6E04}.Ad-Hoc|Any CPU.Build.0 = Release|Any CPU
		{EC784E6F-5602-4236-8DD7-6B73D38E6E04}.Ad-Hoc|Any CPU.Deploy.0 = Release|Any CPU
		{EC784E6F-5602-4236-8DD7-6B73D38E6E04}.Ad-Hoc|ARM.ActiveCfg = Release|ARM
		{EC784E6F-5602-4236-8DD7-6B73D38E6E04}.Ad-Hoc|ARM.Build.0 = Release|ARM
		{EC784E6F-5602-4236-8DD7-6B73D38E6E04}.Ad-Hoc|ARM.Deploy.0 = Release|ARM
		{EC784E6F-5602-4236-8DD7-6B73D38E6E04}.Ad-Hoc|iPhone.ActiveCfg = Release|Any CPU
		{EC784E6F-5602-4236-8DD7-6B73D38E6E04}.Ad-Hoc|iPhone.Build.0 = Release|Any CPU
		{EC784E6F-5602-4236-8DD7-6B73D38E6E04}.Ad-Hoc|iPhone.Deploy.0 = Release|Any CPU
		{EC784E6F-5602-4236-8DD7-6B73D38E6E04}.Ad-Hoc|iPhoneSimulator.ActiveCfg = Release|Any CPU
		{EC784E6F-5602-4236-8DD7-6B73D38E6E04}.Ad-Hoc|iPhoneSimulator.Build.0 = Release|Any CPU
		{EC784E6F-5602-4236-8DD7-6B73D38E6E04}.Ad-Hoc|iPhoneSimulator.Deploy.0 = Release|Any CPU
		{EC784E6F-5602-4236-8DD7-6B73D38E6E04}.Ad-Hoc|x86.ActiveCfg = Release|x86
		{EC784E6F-5602-4236-8DD7-6B73D38E6E04}.Ad-Hoc|x86.Build.0 = Release|x86
		{EC784E6F-5602-4236-8DD7-6B73D38E6E04}.Ad-Hoc|x86.Deploy.0 = Release|x86
		{EC784E6F-5602-4236-8DD7-6B73D38E6E04}.AppStore|Any CPU.ActiveCfg = Release|Any CPU
		{EC784E6F-5602-4236-8DD7-6B73D38E6E04}.AppStore|Any CPU.Build.0 = Release|Any CPU
		{EC784E6F-5602-4236-8DD7-6B73D38E6E04}.AppStore|Any CPU.Deploy.0 = Release|Any CPU
		{EC784E6F-5602-4236-8DD7-6B73D38E6E04}.AppStore|ARM.ActiveCfg = Release|ARM
		{EC784E6F-5602-4236-8DD7-6B73D38E6E04}.AppStore|ARM.Build.0 = Release|ARM
		{EC784E6F-5602-4236-8DD7-6B73D38E6E04}.AppStore|ARM.Deploy.0 = Release|ARM
		{EC784E6F-5602-4236-8DD7-6B73D38E6E04}.AppStore|iPhone.ActiveCfg = Release|Any CPU
		{EC784E6F-5602-4236-8DD7-6B73D38E6E04}.AppStore|iPhone.Build.0 = Release|Any CPU
		{EC784E6F-5602-4236-8DD7-6B73D38E6E04}.AppStore|iPhone.Deploy.0 = Release|Any CPU
		{EC784E6F-5602-4236-8DD7-6B73D38E6E04}.AppStore|iPhoneSimulator.ActiveCfg = Release|Any CPU
		{EC784E6F-5602-4236-8DD7-6B73D38E6E04}.AppStore|iPhoneSimulator.Build.0 = Release|Any CPU
		{EC784E6F-5602-4236-8DD7-6B73D38E6E04}.AppStore|iPhoneSimulator.Deploy.0 = Release|Any CPU
		{EC784E6F-5602-4236-8DD7-6B73D38E6E04}.AppStore|x86.ActiveCfg = Release|x86
		{EC784E6F-5602-4236-8DD7-6B73D38E6E04}.AppStore|x86.Build.0 = Release|x86
		{EC784E6F-5602-4236-8DD7-6B73D38E6E04}.AppStore|x86.Deploy.0 = Release|x86
		{EC784E6F-5602-4236-8DD7-6B73D38E6E04}.Debug|Any CPU.ActiveCfg = Debug|Any CPU
		{EC784E6F-5602-4236-8DD7-6B73D38E6E04}.Debug|Any CPU.Build.0 = Debug|Any CPU
		{EC784E6F-5602-4236-8DD7-6B73D38E6E04}.Debug|Any CPU.Deploy.0 = Debug|Any CPU
		{EC784E6F-5602-4236-8DD7-6B73D38E6E04}.Debug|ARM.ActiveCfg = Debug|ARM
		{EC784E6F-5602-4236-8DD7-6B73D38E6E04}.Debug|ARM.Build.0 = Debug|ARM
		{EC784E6F-5602-4236-8DD7-6B73D38E6E04}.Debug|ARM.Deploy.0 = Debug|ARM
		{EC784E6F-5602-4236-8DD7-6B73D38E6E04}.Debug|iPhone.ActiveCfg = Debug|Any CPU
		{EC784E6F-5602-4236-8DD7-6B73D38E6E04}.Debug|iPhone.Build.0 = Debug|Any CPU
		{EC784E6F-5602-4236-8DD7-6B73D38E6E04}.Debug|iPhone.Deploy.0 = Debug|Any CPU
		{EC784E6F-5602-4236-8DD7-6B73D38E6E04}.Debug|iPhoneSimulator.ActiveCfg = Debug|Any CPU
		{EC784E6F-5602-4236-8DD7-6B73D38E6E04}.Debug|iPhoneSimulator.Build.0 = Debug|Any CPU
		{EC784E6F-5602-4236-8DD7-6B73D38E6E04}.Debug|iPhoneSimulator.Deploy.0 = Debug|Any CPU
		{EC784E6F-5602-4236-8DD7-6B73D38E6E04}.Debug|x86.ActiveCfg = Debug|x86
		{EC784E6F-5602-4236-8DD7-6B73D38E6E04}.Debug|x86.Build.0 = Debug|x86
		{EC784E6F-5602-4236-8DD7-6B73D38E6E04}.Debug|x86.Deploy.0 = Debug|x86
		{EC784E6F-5602-4236-8DD7-6B73D38E6E04}.Release|Any CPU.ActiveCfg = Release|Any CPU
		{EC784E6F-5602-4236-8DD7-6B73D38E6E04}.Release|Any CPU.Build.0 = Release|Any CPU
		{EC784E6F-5602-4236-8DD7-6B73D38E6E04}.Release|Any CPU.Deploy.0 = Release|Any CPU
		{EC784E6F-5602-4236-8DD7-6B73D38E6E04}.Release|ARM.ActiveCfg = Release|ARM
		{EC784E6F-5602-4236-8DD7-6B73D38E6E04}.Release|ARM.Build.0 = Release|ARM
		{EC784E6F-5602-4236-8DD7-6B73D38E6E04}.Release|ARM.Deploy.0 = Release|ARM
		{EC784E6F-5602-4236-8DD7-6B73D38E6E04}.Release|iPhone.ActiveCfg = Release|Any CPU
		{EC784E6F-5602-4236-8DD7-6B73D38E6E04}.Release|iPhone.Build.0 = Release|Any CPU
		{EC784E6F-5602-4236-8DD7-6B73D38E6E04}.Release|iPhone.Deploy.0 = Release|Any CPU
		{EC784E6F-5602-4236-8DD7-6B73D38E6E04}.Release|iPhoneSimulator.ActiveCfg = Release|Any CPU
		{EC784E6F-5602-4236-8DD7-6B73D38E6E04}.Release|iPhoneSimulator.Build.0 = Release|Any CPU
		{EC784E6F-5602-4236-8DD7-6B73D38E6E04}.Release|iPhoneSimulator.Deploy.0 = Release|Any CPU
		{EC784E6F-5602-4236-8DD7-6B73D38E6E04}.Release|x86.ActiveCfg = Release|x86
		{EC784E6F-5602-4236-8DD7-6B73D38E6E04}.Release|x86.Build.0 = Release|x86
		{EC784E6F-5602-4236-8DD7-6B73D38E6E04}.Release|x86.Deploy.0 = Release|x86
	EndGlobalSection
	GlobalSection(SolutionProperties) = preSolution
		HideSolutionNode = FALSE
	EndGlobalSection
EndGlobal
